// !$*UTF8*$!
{
	archiveVersion = 1;
	classes = {
	};
	objectVersion = 50;
	objects = {

/* Begin PBXBuildFile section */
		5D1CC02D26F2763A00952042 /* AppDelegate.swift in Sources */ = {isa = PBXBuildFile; fileRef = 5D1CC02C26F2763A00952042 /* AppDelegate.swift */; };
		5D1CC02F26F2763A00952042 /* SceneDelegate.swift in Sources */ = {isa = PBXBuildFile; fileRef = 5D1CC02E26F2763A00952042 /* SceneDelegate.swift */; };
		5D1CC03126F2763A00952042 /* ViewController.swift in Sources */ = {isa = PBXBuildFile; fileRef = 5D1CC03026F2763A00952042 /* ViewController.swift */; };
		5D1CC03426F2763A00952042 /* Main.storyboard in Resources */ = {isa = PBXBuildFile; fileRef = 5D1CC03226F2763A00952042 /* Main.storyboard */; };
		5D1CC03626F2763A00952042 /* Assets.xcassets in Resources */ = {isa = PBXBuildFile; fileRef = 5D1CC03526F2763A00952042 /* Assets.xcassets */; };
		5D1CC03926F2763A00952042 /* LaunchScreen.storyboard in Resources */ = {isa = PBXBuildFile; fileRef = 5D1CC03726F2763A00952042 /* LaunchScreen.storyboard */; };
		5D1CC04226F28A1200952042 /* Toast.swift in Sources */ = {isa = PBXBuildFile; fileRef = 5D1CC04126F28A1200952042 /* Toast.swift */; };
/* End PBXBuildFile section */

/* Begin PBXFileReference section */
		5D1CC02926F2763A00952042 /* BMI_Ftm.app */ = {isa = PBXFileReference; explicitFileType = wrapper.application; includeInIndex = 0; path = BMI_Ftm.app; sourceTree = BUILT_PRODUCTS_DIR; };
		5D1CC02C26F2763A00952042 /* AppDelegate.swift */ = {isa = PBXFileReference; lastKnownFileType = sourcecode.swift; path = AppDelegate.swift; sourceTree = "<group>"; };
		5D1CC02E26F2763A00952042 /* SceneDelegate.swift */ = {isa = PBXFileReference; lastKnownFileType = sourcecode.swift; path = SceneDelegate.swift; sourceTree = "<group>"; };
		5D1CC03026F2763A00952042 /* ViewController.swift */ = {isa = PBXFileReference; lastKnownFileType = sourcecode.swift; path = ViewController.swift; sourceTree = "<group>"; };
		5D1CC03326F2763A00952042 /* Base */ = {isa = PBXFileReference; lastKnownFileType = file.storyboard; name = Base; path = Base.lproj/Main.storyboard; sourceTree = "<group>"; };
		5D1CC03526F2763A00952042 /* Assets.xcassets */ = {isa = PBXFileReference; lastKnownFileType = folder.assetcatalog; path = Assets.xcassets; sourceTree = "<group>"; };
		5D1CC03826F2763A00952042 /* Base */ = {isa = PBXFileReference; lastKnownFileType = file.storyboard; name = Base; path = Base.lproj/LaunchScreen.storyboard; sourceTree = "<group>"; };
		5D1CC03A26F2763A00952042 /* Info.plist */ = {isa = PBXFileReference; lastKnownFileType = text.plist.xml; path = Info.plist; sourceTree = "<group>"; };
		5D1CC04126F28A1200952042 /* Toast.swift */ = {isa = PBXFileReference; fileEncoding = 4; lastKnownFileType = sourcecode.swift; name = Toast.swift; path = ../../../Downloads/Toast.swift; sourceTree = "<group>"; };
/* End PBXFileReference section */

/* Begin PBXFrameworksBuildPhase section */
		5D1CC02626F2763A00952042 /* Frameworks */ = {
			isa = PBXFrameworksBuildPhase;
			buildActionMask = 2147483647;
			files = (
			);
			runOnlyForDeploymentPostprocessing = 0;
		};
/* End PBXFrameworksBuildPhase section */

/* Begin PBXGroup section */
		5D1CC02026F2763A00952042 = {
			isa = PBXGroup;
			children = (
				5D1CC02B26F2763A00952042 /* BMI_Ftm */,
				5D1CC02A26F2763A00952042 /* Products */,
			);
			sourceTree = "<group>";
		};
		5D1CC02A26F2763A00952042 /* Products */ = {
			isa = PBXGroup;
			children = (
				5D1CC02926F2763A00952042 /* BMI_Ftm.app */,
			);
			name = Products;
			sourceTree = "<group>";
		};
		5D1CC02B26F2763A00952042 /* BMI_Ftm */ = {
			isa = PBXGroup;
			children = (
				5D1CC04126F28A1200952042 /* Toast.swift */,
				5D1CC02C26F2763A00952042 /* AppDelegate.swift */,
				5D1CC02E26F2763A00952042 /* SceneDelegate.swift */,
				5D1CC03026F2763A00952042 /* ViewController.swift */,
				5D1CC03226F2763A00952042 /* Main.storyboard */,
				5D1CC03526F2763A00952042 /* Assets.xcassets */,
				5D1CC03726F2763A00952042 /* LaunchScreen.storyboard */,
				5D1CC03A26F2763A00952042 /* Info.plist */,
			);
			path = BMI_Ftm;
			sourceTree = "<group>";
		};
/* End PBXGroup section */

/* Begin PBXNativeTarget section */
		5D1CC02826F2763A00952042 /* BMI_Ftm */ = {
			isa = PBXNativeTarget;
			buildConfigurationList = 5D1CC03D26F2763A00952042 /* Build configuration list for PBXNativeTarget "BMI_Ftm" */;
			buildPhases = (
				5D1CC02526F2763A00952042 /* Sources */,
				5D1CC02626F2763A00952042 /* Frameworks */,
				5D1CC02726F2763A00952042 /* Resources */,
			);
			buildRules = (
			);
			dependencies = (
			);
			name = BMI_Ftm;
			productName = BMI_Ftm;
			productReference = 5D1CC02926F2763A00952042 /* BMI_Ftm.app */;
			productType = "com.apple.product-type.application";
		};
/* End PBXNativeTarget section */

/* Begin PBXProject section */
		5D1CC02126F2763A00952042 /* Project object */ = {
			isa = PBXProject;
			attributes = {
				LastSwiftUpdateCheck = 1230;
				LastUpgradeCheck = 1230;
				TargetAttributes = {
					5D1CC02826F2763A00952042 = {
						CreatedOnToolsVersion = 12.3;
					};
				};
			};
			buildConfigurationList = 5D1CC02426F2763A00952042 /* Build configuration list for PBXProject "BMI_Ftm" */;
			compatibilityVersion = "Xcode 9.3";
			developmentRegion = en;
			hasScannedForEncodings = 0;
			knownRegions = (
				en,
				Base,
			);
			mainGroup = 5D1CC02026F2763A00952042;
			productRefGroup = 5D1CC02A26F2763A00952042 /* Products */;
			projectDirPath = "";
			projectRoot = "";
			targets = (
				5D1CC02826F2763A00952042 /* BMI_Ftm */,
			);
		};
/* End PBXProject section */

/* Begin PBXResourcesBuildPhase section */
		5D1CC02726F2763A00952042 /* Resources */ = {
			isa = PBXResourcesBuildPhase;
			buildActionMask = 2147483647;
			files = (
				5D1CC03926F2763A00952042 /* LaunchScreen.storyboard in Resources */,
				5D1CC03626F2763A00952042 /* Assets.xcassets in Resources */,
				5D1CC03426F2763A00952042 /* Main.storyboard in Resources */,
			);
			runOnlyForDeploymentPostprocessing = 0;
		};
/* End PBXResourcesBuildPhase section */

/* Begin PBXSourcesBuildPhase section */
		5D1CC02526F2763A00952042 /* Sources */ = {
			isa = PBXSourcesBuildPhase;
			buildActionMask = 2147483647;
			files = (
				5D1CC03126F2763A00952042 /* ViewController.swift in Sources */,
				5D1CC04226F28A1200952042 /* Toast.swift in Sources */,
				5D1CC02D26F2763A00952042 /* AppDelegate.swift in Sources */,
				5D1CC02F26F2763A00952042 /* SceneDelegate.swift in Sources */,
			);
			runOnlyForDeploymentPostprocessing = 0;
		};
/* End PBXSourcesBuildPhase section */

/* Begin PBXVariantGroup section */
		5D1CC03226F2763A00952042 /* Main.storyboard */ = {
			isa = PBXVariantGroup;
			children = (
				5D1CC03326F2763A00952042 /* Base */,
			);
			name = Main.storyboard;
			sourceTree = "<group>";
		};
		5D1CC03726F2763A00952042 /* LaunchScreen.storyboard */ = {
			isa = PBXVariantGroup;
			children = (
				5D1CC03826F2763A00952042 /* Base */,
			);
			name = LaunchScreen.storyboard;
			sourceTree = "<group>";
		};
/* End PBXVariantGroup section */

/* Begin XCBuildConfiguration section */
		5D1CC03B26F2763A00952042 /* Debug */ = {
			isa = XCBuildConfiguration;
			buildSettings = {
				ALWAYS_SEARCH_USER_PATHS = NO;
				CLANG_ANALYZER_NONNULL = YES;
				CLANG_ANALYZER_NUMBER_OBJECT_CONVERSION = YES_AGGRESSIVE;
				CLANG_CXX_LANGUAGE_STANDARD = "gnu++14";
				CLANG_CXX_LIBRARY = "libc++";
				CLANG_ENABLE_MODULES = YES;
				CLANG_ENABLE_OBJC_ARC = YES;
				CLANG_ENABLE_OBJC_WEAK = YES;
				CLANG_WARN_BLOCK_CAPTURE_AUTORELEASING = YES;
				CLANG_WARN_BOOL_CONVERSION = YES;
				CLANG_WARN_COMMA = YES;
				CLANG_WARN_CONSTANT_CONVERSION = YES;
				CLANG_WARN_DEPRECATED_OBJC_IMPLEMENTATIONS = YES;
				CLANG_WARN_DIRECT_OBJC_ISA_USAGE = YES_ERROR;
				CLANG_WARN_DOCUMENTATION_COMMENTS = YES;
				CLANG_WARN_EMPTY_BODY = YES;
				CLANG_WARN_ENUM_CONVERSION = YES;
				CLANG_WARN_INFINITE_RECURSION = YES;
				CLANG_WARN_INT_CONVERSION = YES;
				CLANG_WARN_NON_LITERAL_NULL_CONVERSION = YES;
				CLANG_WARN_OBJC_IMPLICIT_RETAIN_SELF = YES;
				CLANG_WARN_OBJC_LITERAL_CONVERSION = YES;
				CLANG_WARN_OBJC_ROOT_CLASS = YES_ERROR;
				CLANG_WARN_QUOTED_INCLUDE_IN_FRAMEWORK_HEADER = YES;
				CLANG_WARN_RANGE_LOOP_ANALYSIS = YES;
				CLANG_WARN_STRICT_PROTOTYPES = YES;
				CLANG_WARN_SUSPICIOUS_MOVE = YES;
				CLANG_WARN_UNGUARDED_AVAILABILITY = YES_AGGRESSIVE;
				CLANG_WARN_UNREACHABLE_CODE = YES;
				CLANG_WARN__DUPLICATE_METHOD_MATCH = YES;
				COPY_PHASE_STRIP = NO;
				DEBUG_INFORMATION_FORMAT = dwarf;
				ENABLE_STRICT_OBJC_MSGSEND = YES;
				ENABLE_TESTABILITY = YES;
				GCC_C_LANGUAGE_STANDARD = gnu11;
				GCC_DYNAMIC_NO_PIC = NO;
				GCC_NO_COMMON_BLOCKS = YES;
				GCC_OPTIMIZATION_LEVEL = 0;
				GCC_PREPROCESSOR_DEFINITIONS = (
					"DEBUG=1",
					"$(inherited)",
				);
				GCC_WARN_64_TO_32_BIT_CONVERSION = YES;
				GCC_WARN_ABOUT_RETURN_TYPE = YES_ERROR;
				GCC_WARN_UNDECLARED_SELECTOR = YES;
				GCC_WARN_UNINITIALIZED_AUTOS = YES_AGGRESSIVE;
				GCC_WARN_UNUSED_FUNCTION = YES;
				GCC_WARN_UNUSED_VARIABLE = YES;
				IPHONEOS_DEPLOYMENT_TARGET = 14.3;
				MTL_ENABLE_DEBUG_INFO = INCLUDE_SOURCE;
				MTL_FAST_MATH = YES;
				ONLY_ACTIVE_ARCH = YES;
				SDKROOT = iphoneos;
				SWIFT_ACTIVE_COMPILATION_CONDITIONS = DEBUG;
				SWIFT_OPTIMIZATION_LEVEL = "-Onone";
			};
			name = Debug;
		};
		5D1CC03C26F2763A00952042 /* Release */ = {
			isa = XCBuildConfiguration;
			buildSettings = {
				ALWAYS_SEARCH_USER_PATHS = NO;
				CLANG_ANALYZER_NONNULL = YES;
				CLANG_ANALYZER_NUMBER_OBJECT_CONVERSION = YES_AGGRESSIVE;
				CLANG_CXX_LANGUAGE_STANDARD = "gnu++14";
				CLANG_CXX_LIBRARY = "libc++";
				CLANG_ENABLE_MODULES = YES;
				CLANG_ENABLE_OBJC_ARC = YES;
				CLANG_ENABLE_OBJC_WEAK = YES;
				CLANG_WARN_BLOCK_CAPTURE_AUTORELEASING = YES;
				CLANG_WARN_BOOL_CONVERSION = YES;
				CLANG_WARN_COMMA = YES;
				CLANG_WARN_CONSTANT_CONVERSION = YES;
				CLANG_WARN_DEPRECATED_OBJC_IMPLEMENTATIONS = YES;
				CLANG_WARN_DIRECT_OBJC_ISA_USAGE = YES_ERROR;
				CLANG_WARN_DOCUMENTATION_COMMENTS = YES;
				CLANG_WARN_EMPTY_BODY = YES;
				CLANG_WARN_ENUM_CONVERSION = YES;
				CLANG_WARN_INFINITE_RECURSION = YES;
				CLANG_WARN_INT_CONVERSION = YES;
				CLANG_WARN_NON_LITERAL_NULL_CONVERSION = YES;
				CLANG_WARN_OBJC_IMPLICIT_RETAIN_SELF = YES;
				CLANG_WARN_OBJC_LITERAL_CONVERSION = YES;
				CLANG_WARN_OBJC_ROOT_CLASS = YES_ERROR;
				CLANG_WARN_QUOTED_INCLUDE_IN_FRAMEWORK_HEADER = YES;
				CLANG_WARN_RANGE_LOOP_ANALYSIS = YES;
				CLANG_WARN_STRICT_PROTOTYPES = YES;
				CLANG_WARN_SUSPICIOUS_MOVE = YES;
				CLANG_WARN_UNGUARDED_AVAILABILITY = YES_AGGRESSIVE;
				CLANG_WARN_UNREACHABLE_CODE = YES;
				CLANG_WARN__DUPLICATE_METHOD_MATCH = YES;
				COPY_PHASE_STRIP = NO;
				DEBUG_INFORMATION_FORMAT = "dwarf-with-dsym";
				ENABLE_NS_ASSERTIONS = NO;
				ENABLE_STRICT_OBJC_MSGSEND = YES;
				GCC_C_LANGUAGE_STANDARD = gnu11;
				GCC_NO_COMMON_BLOCKS = YES;
				GCC_WARN_64_TO_32_BIT_CONVERSION = YES;
				GCC_WARN_ABOUT_RETURN_TYPE = YES_ERROR;
				GCC_WARN_UNDECLARED_SELECTOR = YES;
				GCC_WARN_UNINITIALIZED_AUTOS = YES_AGGRESSIVE;
				GCC_WARN_UNUSED_FUNCTION = YES;
				GCC_WARN_UNUSED_VARIABLE = YES;
				IPHONEOS_DEPLOYMENT_TARGET = 14.3;
				MTL_ENABLE_DEBUG_INFO = NO;
				MTL_FAST_MATH = YES;
				SDKROOT = iphoneos;
				SWIFT_COMPILATION_MODE = wholemodule;
				SWIFT_OPTIMIZATION_LEVEL = "-O";
				VALIDATE_PRODUCT = YES;
			};
			name = Release;
		};
		5D1CC03E26F2763A00952042 /* Debug */ = {
			isa = XCBuildConfiguration;
			buildSettings = {
				ASSETCATALOG_COMPILER_APPICON_NAME = AppIcon;
				ASSETCATALOG_COMPILER_GLOBAL_ACCENT_COLOR_NAME = AccentColor;
				CODE_SIGN_STYLE = Automatic;
				INFOPLIST_FILE = BMI_Ftm/Info.plist;
				LD_RUNPATH_SEARCH_PATHS = (
					"$(inherited)",
					"@executable_path/Frameworks",
				);
				PRODUCT_BUNDLE_IDENTIFIER = "FF.BMI-Ftm";
				PRODUCT_NAME = "$(TARGET_NAME)";
				SWIFT_VERSION = 5.0;
				TARGETED_DEVICE_FAMILY = "1,2";
			};
			name = Debug;
		};
		5D1CC03F26F2763A00952042 /* Release */ = {
			isa = XCBuildConfiguration;
			buildSettings = {
				ASSETCATALOG_COMPILER_APPICON_NAME = AppIcon;
				ASSETCATALOG_COMPILER_GLOBAL_ACCENT_COLOR_NAME = AccentColor;
				CODE_SIGN_STYLE = Automatic;
				INFOPLIST_FILE = BMI_Ftm/Info.plist;
				LD_RUNPATH_SEARCH_PATHS = (
					"$(inherited)",
					"@executable_path/Frameworks",
				);
				PRODUCT_BUNDLE_IDENTIFIER = "FF.BMI-Ftm";
				PRODUCT_NAME = "$(TARGET_NAME)";
				SWIFT_VERSION = 5.0;
				TARGETED_DEVICE_FAMILY = "1,2";
			};
			name = Release;
		};
/* End XCBuildConfiguration section */

/* Begin XCConfigurationList section */
		5D1CC02426F2763A00952042 /* Build configuration list for PBXProject "BMI_Ftm" */ = {
			isa = XCConfigurationList;
			buildConfigurations = (
				5D1CC03B26F2763A00952042 /* Debug */,
				5D1CC03C26F2763A00952042 /* Release */,
			);
			defaultConfigurationIsVisible = 0;
			defaultConfigurationName = Release;
		};
		5D1CC03D26F2763A00952042 /* Build configuration list for PBXNativeTarget "BMI_Ftm" */ = {
			isa = XCConfigurationList;
			buildConfigurations = (
				5D1CC03E26F2763A00952042 /* Debug */,
				5D1CC03F26F2763A00952042 /* Release */,
			);
			defaultConfigurationIsVisible = 0;
			defaultConfigurationName = Release;
		};
/* End XCConfigurationList section */
	};
	rootObject = 5D1CC02126F2763A00952042 /* Project object */;
}
